
Microsoft Visual Studio Solution File, Format Version 12.00
# Visual Studio Version 17
VisualStudioVersion = 17.12.35527.113
MinimumVisualStudioVersion = 10.0.40219.1
Project("{FAE04EC0-301F-11D3-BF4B-00C04F79EFBC}") = "addition", "IMS2025_M320\addition.csproj", "{9DB99C89-FDB4-4797-B048-EEFB04F516AE}"
EndProject
Project("{FAE04EC0-301F-11D3-BF4B-00C04F79EFBC}") = "Aufgabe ggT_kgV", "Aufgabe ggT\Aufgabe ggT_kgV.csproj", "{4C34FA21-A917-4CE1-8F43-0AB5363DE513}"
EndProject
Project("{FAE04EC0-301F-11D3-BF4B-00C04F79EFBC}") = "Shape", "Shape\Shape.csproj", "{87B78288-60B6-4032-A8A1-E125DF8BCEA0}"
EndProject
Project("{FAE04EC0-301F-11D3-BF4B-00C04F79EFBC}") = "Calculator", "Calculator\Calculator.csproj", "{E39D7B18-ED48-4E4F-93BC-A18904F0D990}"
EndProject
Project("{FAE04EC0-301F-11D3-BF4B-00C04F79EFBC}") = "Arbeitsskript 2.2.7", "Arbeitsskript 2.2.7\Arbeitsskript 2.2.7.csproj", "{D5CF2587-6442-45F9-92FD-7025EEE41014}"
EndProject
Project("{FAE04EC0-301F-11D3-BF4B-00C04F79EFBC}") = "Arbeitsskript 2.2.12", "Arbeitsskript 2.2.12\Arbeitsskript 2.2.12.csproj", "{BB89DDFA-286F-4837-B922-DE3210D2FD21}"
EndProject
Global
	GlobalSection(SolutionConfigurationPlatforms) = preSolution
		Debug|Any CPU = Debug|Any CPU
		Release|Any CPU = Release|Any CPU
	EndGlobalSection
	GlobalSection(ProjectConfigurationPlatforms) = postSolution
		{9DB99C89-FDB4-4797-B048-EEFB04F516AE}.Debug|Any CPU.ActiveCfg = Debug|Any CPU
		{9DB99C89-FDB4-4797-B048-EEFB04F516AE}.Debug|Any CPU.Build.0 = Debug|Any CPU
		{9DB99C89-FDB4-4797-B048-EEFB04F516AE}.Release|Any CPU.ActiveCfg = Release|Any CPU
		{9DB99C89-FDB4-4797-B048-EEFB04F516AE}.Release|Any CPU.Build.0 = Release|Any CPU
		{4C34FA21-A917-4CE1-8F43-0AB5363DE513}.Debug|Any CPU.ActiveCfg = Debug|Any CPU
		{4C34FA21-A917-4CE1-8F43-0AB5363DE513}.Debug|Any CPU.Build.0 = Debug|Any CPU
		{4C34FA21-A917-4CE1-8F43-0AB5363DE513}.Release|Any CPU.ActiveCfg = Release|Any CPU
		{4C34FA21-A917-4CE1-8F43-0AB5363DE513}.Release|Any CPU.Build.0 = Release|Any CPU
		{87B78288-60B6-4032-A8A1-E125DF8BCEA0}.Debug|Any CPU.ActiveCfg = Debug|Any CPU
		{87B78288-60B6-4032-A8A1-E125DF8BCEA0}.Debug|Any CPU.Build.0 = Debug|Any CPU
		{87B78288-60B6-4032-A8A1-E125DF8BCEA0}.Release|Any CPU.ActiveCfg = Release|Any CPU
		{87B78288-60B6-4032-A8A1-E125DF8BCEA0}.Release|Any CPU.Build.0 = Release|Any CPU
		{E39D7B18-ED48-4E4F-93BC-A18904F0D990}.Debug|Any CPU.ActiveCfg = Debug|Any CPU
		{E39D7B18-ED48-4E4F-93BC-A18904F0D990}.Debug|Any CPU.Build.0 = Debug|Any CPU
		{E39D7B18-ED48-4E4F-93BC-A18904F0D990}.Release|Any CPU.ActiveCfg = Release|Any CPU
		{E39D7B18-ED48-4E4F-93BC-A18904F0D990}.Release|Any CPU.Build.0 = Release|Any CPU
		{D5CF2587-6442-45F9-92FD-7025EEE41014}.Debug|Any CPU.ActiveCfg = Debug|Any CPU
		{D5CF2587-6442-45F9-92FD-7025EEE41014}.Debug|Any CPU.Build.0 = Debug|Any CPU
		{D5CF2587-6442-45F9-92FD-7025EEE41014}.Release|Any CPU.ActiveCfg = Release|Any CPU
		{D5CF2587-6442-45F9-92FD-7025EEE41014}.Release|Any CPU.Build.0 = Release|Any CPU
		{BB89DDFA-286F-4837-B922-DE3210D2FD21}.Debug|Any CPU.ActiveCfg = Debug|Any CPU
		{BB89DDFA-286F-4837-B922-DE3210D2FD21}.Debug|Any CPU.Build.0 = Debug|Any CPU
		{BB89DDFA-286F-4837-B922-DE3210D2FD21}.Release|Any CPU.ActiveCfg = Release|Any CPU
		{BB89DDFA-286F-4837-B922-DE3210D2FD21}.Release|Any CPU.Build.0 = Release|Any CPU
	EndGlobalSection
	GlobalSection(SolutionProperties) = preSolution
		HideSolutionNode = FALSE
	EndGlobalSection
	GlobalSection(ExtensibilityGlobals) = postSolution
		SolutionGuid = {3239EDDD-E952-4156-8287-EB3A4FA856FC}
	EndGlobalSection
EndGlobal
